{
  "name": "eslint-plugin-destr",
  "version": "1.0.0",
  "lockfileVersion": 1,
  "requires": true,
  "dependencies": {
    "html-tags": {
      "version": "1.2.0",
      "resolved": "https://registry.npmjs.org/html-tags/-/html-tags-1.2.0.tgz",
      "integrity": "sha1-x43mW1Zjqll5id0rerSSANfk25g="
    },
    "is-html": {
      "version": "1.1.0",
      "resolved": "https://registry.npmjs.org/is-html/-/is-html-1.1.0.tgz",
      "integrity": "sha1-4E8cGNOUhRETlvmgJz6rUa8hhGQ=",
      "requires": {
        "html-tags": "^1.0.0"
      }
    }
  }
}
